
Microsoft Visual Studio Solution File, Format Version 12.00
# Visual Studio Version 16
VisualStudioVersion = 16.0.30114.105
MinimumVisualStudioVersion = 10.0.40219.1
Project("{FAE04EC0-301F-11D3-BF4B-00C04F79EFBC}") = "GraphQL", "GraphQL\GraphQL.csproj", "{9FD185F5-6C83-40D7-953C-7B5718E41B64}"
EndProject
Project("{FAE04EC0-301F-11D3-BF4B-00C04F79EFBC}") = "GraphQL.Tests", "GraphQL.Tests\GraphQL.Tests.csproj", "{FB0641DE-82A6-48C0-95A2-1C22E563D5FE}"
EndProject
Global
	GlobalSection(SolutionConfigurationPlatforms) = preSolution
		Debug|Any CPU = Debug|Any CPU
		Debug|x64 = Debug|x64
		Debug|x86 = Debug|x86
		Release|Any CPU = Release|Any CPU
		Release|x64 = Release|x64
		Release|x86 = Release|x86
	EndGlobalSection
	GlobalSection(SolutionProperties) = preSolution
		HideSolutionNode = FALSE
	EndGlobalSection
	GlobalSection(ProjectConfigurationPlatforms) = postSolution
		{9FD185F5-6C83-40D7-953C-7B5718E41B64}.Debug|Any CPU.ActiveCfg = Debug|Any CPU
		{9FD185F5-6C83-40D7-953C-7B5718E41B64}.Debug|Any CPU.Build.0 = Debug|Any CPU
		{9FD185F5-6C83-40D7-953C-7B5718E41B64}.Debug|x64.ActiveCfg = Debug|Any CPU
		{9FD185F5-6C83-40D7-953C-7B5718E41B64}.Debug|x64.Build.0 = Debug|Any CPU
		{9FD185F5-6C83-40D7-953C-7B5718E41B64}.Debug|x86.ActiveCfg = Debug|Any CPU
		{9FD185F5-6C83-40D7-953C-7B5718E41B64}.Debug|x86.Build.0 = Debug|Any CPU
		{9FD185F5-6C83-40D7-953C-7B5718E41B64}.Release|Any CPU.ActiveCfg = Release|Any CPU
		{9FD185F5-6C83-40D7-953C-7B5718E41B64}.Release|Any CPU.Build.0 = Release|Any CPU
		{9FD185F5-6C83-40D7-953C-7B5718E41B64}.Release|x64.ActiveCfg = Release|Any CPU
		{9FD185F5-6C83-40D7-953C-7B5718E41B64}.Release|x64.Build.0 = Release|Any CPU
		{9FD185F5-6C83-40D7-953C-7B5718E41B64}.Release|x86.ActiveCfg = Release|Any CPU
		{9FD185F5-6C83-40D7-953C-7B5718E41B64}.Release|x86.Build.0 = Release|Any CPU
		{FB0641DE-82A6-48C0-95A2-1C22E563D5FE}.Debug|Any CPU.ActiveCfg = Debug|Any CPU
		{FB0641DE-82A6-48C0-95A2-1C22E563D5FE}.Debug|Any CPU.Build.0 = Debug|Any CPU
		{FB0641DE-82A6-48C0-95A2-1C22E563D5FE}.Debug|x64.ActiveCfg = Debug|Any CPU
		{FB0641DE-82A6-48C0-95A2-1C22E563D5FE}.Debug|x64.Build.0 = Debug|Any CPU
		{FB0641DE-82A6-48C0-95A2-1C22E563D5FE}.Debug|x86.ActiveCfg = Debug|Any CPU
		{FB0641DE-82A6-48C0-95A2-1C22E563D5FE}.Debug|x86.Build.0 = Debug|Any CPU
		{FB0641DE-82A6-48C0-95A2-1C22E563D5FE}.Release|Any CPU.ActiveCfg = Release|Any CPU
		{FB0641DE-82A6-48C0-95A2-1C22E563D5FE}.Release|Any CPU.Build.0 = Release|Any CPU
		{FB0641DE-82A6-48C0-95A2-1C22E563D5FE}.Release|x64.ActiveCfg = Release|Any CPU
		{FB0641DE-82A6-48C0-95A2-1C22E563D5FE}.Release|x64.Build.0 = Release|Any CPU
		{FB0641DE-82A6-48C0-95A2-1C22E563D5FE}.Release|x86.ActiveCfg = Release|Any CPU
		{FB0641DE-82A6-48C0-95A2-1C22E563D5FE}.Release|x86.Build.0 = Release|Any CPU
	EndGlobalSection
EndGlobal
